// !$*UTF8*$!
{
	archiveVersion = 1;
	classes = {
	};
	objectVersion = 55;
	objects = {

/* Begin PBXBuildFile section */
		2044073D2CB9844BD6594C03 /* Pods_TransportApp.framework in Frameworks */ = {isa = PBXBuildFile; fileRef = E0D6ECCA6B2B5E70ED5377D0 /* Pods_TransportApp.framework */; };
		3804995327C77D1400BE9EAD /* AppDelegate.swift in Sources */ = {isa = PBXBuildFile; fileRef = 3804995227C77D1400BE9EAD /* AppDelegate.swift */; };
		3804995527C77D1400BE9EAD /* SceneDelegate.swift in Sources */ = {isa = PBXBuildFile; fileRef = 3804995427C77D1400BE9EAD /* SceneDelegate.swift */; };
		3804995727C77D1400BE9EAD /* TransportStopListVC.swift in Sources */ = {isa = PBXBuildFile; fileRef = 3804995627C77D1400BE9EAD /* TransportStopListVC.swift */; };
		3804995A27C77D1400BE9EAD /* Main.storyboard in Resources */ = {isa = PBXBuildFile; fileRef = 3804995827C77D1400BE9EAD /* Main.storyboard */; };
		3804995C27C77D1700BE9EAD /* Assets.xcassets in Resources */ = {isa = PBXBuildFile; fileRef = 3804995B27C77D1700BE9EAD /* Assets.xcassets */; };
		3804995F27C77D1700BE9EAD /* LaunchScreen.storyboard in Resources */ = {isa = PBXBuildFile; fileRef = 3804995D27C77D1700BE9EAD /* LaunchScreen.storyboard */; };
		3804996727C77EB300BE9EAD /* TransportStops.swift in Sources */ = {isa = PBXBuildFile; fileRef = 3804996627C77EB300BE9EAD /* TransportStops.swift */; };
		3804996927C77FAD00BE9EAD /* Network.swift in Sources */ = {isa = PBXBuildFile; fileRef = 3804996827C77FAD00BE9EAD /* Network.swift */; };
		3804996B27C7816C00BE9EAD /* NetworkingHandler.swift in Sources */ = {isa = PBXBuildFile; fileRef = 3804996A27C7816C00BE9EAD /* NetworkingHandler.swift */; };
		3804996D27C7854E00BE9EAD /* DataResponseError.swift in Sources */ = {isa = PBXBuildFile; fileRef = 3804996C27C7854E00BE9EAD /* DataResponseError.swift */; };
		3804996F27C7862B00BE9EAD /* MosgorNetwork.swift in Sources */ = {isa = PBXBuildFile; fileRef = 3804996E27C7862B00BE9EAD /* MosgorNetwork.swift */; };
		3804997127C78BD300BE9EAD /* MosgorClient.swift in Sources */ = {isa = PBXBuildFile; fileRef = 3804997027C78BD300BE9EAD /* MosgorClient.swift */; };
		3804997327C78D7600BE9EAD /* TransportStopsViewModel.swift in Sources */ = {isa = PBXBuildFile; fileRef = 3804997227C78D7600BE9EAD /* TransportStopsViewModel.swift */; };
		3804997527C790FF00BE9EAD /* Extensions+UIView.swift in Sources */ = {isa = PBXBuildFile; fileRef = 3804997427C790FF00BE9EAD /* Extensions+UIView.swift */; };
		3804997727C7955A00BE9EAD /* DetailMapViewController.swift in Sources */ = {isa = PBXBuildFile; fileRef = 3804997627C7955A00BE9EAD /* DetailMapViewController.swift */; };
		3804997927C7B60B00BE9EAD /* TransportStopDetail.swift in Sources */ = {isa = PBXBuildFile; fileRef = 3804997827C7B60B00BE9EAD /* TransportStopDetail.swift */; };
		3804997B27C7BA5900BE9EAD /* DetailMapViewModel.swift in Sources */ = {isa = PBXBuildFile; fileRef = 3804997A27C7BA5900BE9EAD /* DetailMapViewModel.swift */; };
		3804998327C7EFDB00BE9EAD /* ResizableViewController.swift in Sources */ = {isa = PBXBuildFile; fileRef = 3804998227C7EFDB00BE9EAD /* ResizableViewController.swift */; };
		3804998527C7F01100BE9EAD /* TransportStopDetailVC.swift in Sources */ = {isa = PBXBuildFile; fileRef = 3804998427C7F01100BE9EAD /* TransportStopDetailVC.swift */; };
		38E9D2FB27C901120022FC67 /* CustomButton.swift in Sources */ = {isa = PBXBuildFile; fileRef = 38E9D2FA27C901120022FC67 /* CustomButton.swift */; };
		38F0DE2D27C8B0E500E98BF5 /* Factories.swift in Sources */ = {isa = PBXBuildFile; fileRef = 38F0DE2C27C8B0E500E98BF5 /* Factories.swift */; };
		38F0DE2F27C8B25C00E98BF5 /* DependencyContainer.swift in Sources */ = {isa = PBXBuildFile; fileRef = 38F0DE2E27C8B25C00E98BF5 /* DependencyContainer.swift */; };
		38F0DE3727C8CBDA00E98BF5 /* BottomSheetTransitioningDelegate.swift in Sources */ = {isa = PBXBuildFile; fileRef = 38F0DE3327C8CBDA00E98BF5 /* BottomSheetTransitioningDelegate.swift */; };
		38F0DE3827C8CBDA00E98BF5 /* BottomSheetPresentationController+PullBar.swift in Sources */ = {isa = PBXBuildFile; fileRef = 38F0DE3427C8CBDA00E98BF5 /* BottomSheetPresentationController+PullBar.swift */; };
		38F0DE3927C8CBDA00E98BF5 /* BottomSheetPresentationController.swift in Sources */ = {isa = PBXBuildFile; fileRef = 38F0DE3527C8CBDA00E98BF5 /* BottomSheetPresentationController.swift */; };
		38F0DE3A27C8CBDA00E98BF5 /* BottomSheetModalDissmisalHandler.swift in Sources */ = {isa = PBXBuildFile; fileRef = 38F0DE3627C8CBDA00E98BF5 /* BottomSheetModalDissmisalHandler.swift */; };
		38F0DE3C27C8CC2000E98BF5 /* Extensions + CGRect.swift in Sources */ = {isa = PBXBuildFile; fileRef = 38F0DE3B27C8CC2000E98BF5 /* Extensions + CGRect.swift */; };
		38F0DE4127C8D84000E98BF5 /* TransportStopDetailViewModel.swift in Sources */ = {isa = PBXBuildFile; fileRef = 38F0DE4027C8D84000E98BF5 /* TransportStopDetailViewModel.swift */; };
		38F0DE4327C8DCD400E98BF5 /* LineView.swift in Sources */ = {isa = PBXBuildFile; fileRef = 38F0DE4227C8DCD400E98BF5 /* LineView.swift */; };
/* End PBXBuildFile section */

/* Begin PBXFileReference section */
		3804994F27C77D1400BE9EAD /* TransportApp.app */ = {isa = PBXFileReference; explicitFileType = wrapper.application; includeInIndex = 0; path = TransportApp.app; sourceTree = BUILT_PRODUCTS_DIR; };
		3804995227C77D1400BE9EAD /* AppDelegate.swift */ = {isa = PBXFileReference; lastKnownFileType = sourcecode.swift; path = AppDelegate.swift; sourceTree = "<group>"; };
		3804995427C77D1400BE9EAD /* SceneDelegate.swift */ = {isa = PBXFileReference; lastKnownFileType = sourcecode.swift; path = SceneDelegate.swift; sourceTree = "<group>"; };
		3804995627C77D1400BE9EAD /* TransportStopListVC.swift */ = {isa = PBXFileReference; lastKnownFileType = sourcecode.swift; path = TransportStopListVC.swift; sourceTree = "<group>"; };
		3804995927C77D1400BE9EAD /* Base */ = {isa = PBXFileReference; lastKnownFileType = file.storyboard; name = Base; path = Base.lproj/Main.storyboard; sourceTree = "<group>"; };
		3804995B27C77D1700BE9EAD /* Assets.xcassets */ = {isa = PBXFileReference; lastKnownFileType = folder.assetcatalog; path = Assets.xcassets; sourceTree = "<group>"; };
		3804995E27C77D1700BE9EAD /* Base */ = {isa = PBXFileReference; lastKnownFileType = file.storyboard; name = Base; path = Base.lproj/LaunchScreen.storyboard; sourceTree = "<group>"; };
		3804996027C77D1700BE9EAD /* Info.plist */ = {isa = PBXFileReference; lastKnownFileType = text.plist.xml; path = Info.plist; sourceTree = "<group>"; };
		3804996627C77EB300BE9EAD /* TransportStops.swift */ = {isa = PBXFileReference; lastKnownFileType = sourcecode.swift; path = TransportStops.swift; sourceTree = "<group>"; };
		3804996827C77FAD00BE9EAD /* Network.swift */ = {isa = PBXFileReference; lastKnownFileType = sourcecode.swift; path = Network.swift; sourceTree = "<group>"; };
		3804996A27C7816C00BE9EAD /* NetworkingHandler.swift */ = {isa = PBXFileReference; lastKnownFileType = sourcecode.swift; path = NetworkingHandler.swift; sourceTree = "<group>"; };
		3804996C27C7854E00BE9EAD /* DataResponseError.swift */ = {isa = PBXFileReference; lastKnownFileType = sourcecode.swift; path = DataResponseError.swift; sourceTree = "<group>"; };
		3804996E27C7862B00BE9EAD /* MosgorNetwork.swift */ = {isa = PBXFileReference; lastKnownFileType = sourcecode.swift; path = MosgorNetwork.swift; sourceTree = "<group>"; };
		3804997027C78BD300BE9EAD /* MosgorClient.swift */ = {isa = PBXFileReference; lastKnownFileType = sourcecode.swift; path = MosgorClient.swift; sourceTree = "<group>"; };
		3804997227C78D7600BE9EAD /* TransportStopsViewModel.swift */ = {isa = PBXFileReference; lastKnownFileType = sourcecode.swift; path = TransportStopsViewModel.swift; sourceTree = "<group>"; };
		3804997427C790FF00BE9EAD /* Extensions+UIView.swift */ = {isa = PBXFileReference; fileEncoding = 4; lastKnownFileType = sourcecode.swift; path = "Extensions+UIView.swift"; sourceTree = "<group>"; };
		3804997627C7955A00BE9EAD /* DetailMapViewController.swift */ = {isa = PBXFileReference; lastKnownFileType = sourcecode.swift; path = DetailMapViewController.swift; sourceTree = "<group>"; };
		3804997827C7B60B00BE9EAD /* TransportStopDetail.swift */ = {isa = PBXFileReference; lastKnownFileType = sourcecode.swift; path = TransportStopDetail.swift; sourceTree = "<group>"; };
		3804997A27C7BA5900BE9EAD /* DetailMapViewModel.swift */ = {isa = PBXFileReference; lastKnownFileType = sourcecode.swift; path = DetailMapViewModel.swift; sourceTree = "<group>"; };
		3804998227C7EFDB00BE9EAD /* ResizableViewController.swift */ = {isa = PBXFileReference; lastKnownFileType = sourcecode.swift; path = ResizableViewController.swift; sourceTree = "<group>"; };
		3804998427C7F01100BE9EAD /* TransportStopDetailVC.swift */ = {isa = PBXFileReference; lastKnownFileType = sourcecode.swift; path = TransportStopDetailVC.swift; sourceTree = "<group>"; };
		38E9D2FA27C901120022FC67 /* CustomButton.swift */ = {isa = PBXFileReference; lastKnownFileType = sourcecode.swift; path = CustomButton.swift; sourceTree = "<group>"; };
		38F0DE2C27C8B0E500E98BF5 /* Factories.swift */ = {isa = PBXFileReference; lastKnownFileType = sourcecode.swift; path = Factories.swift; sourceTree = "<group>"; };
		38F0DE2E27C8B25C00E98BF5 /* DependencyContainer.swift */ = {isa = PBXFileReference; lastKnownFileType = sourcecode.swift; path = DependencyContainer.swift; sourceTree = "<group>"; };
		38F0DE3327C8CBDA00E98BF5 /* BottomSheetTransitioningDelegate.swift */ = {isa = PBXFileReference; fileEncoding = 4; lastKnownFileType = sourcecode.swift; path = BottomSheetTransitioningDelegate.swift; sourceTree = "<group>"; };
		38F0DE3427C8CBDA00E98BF5 /* BottomSheetPresentationController+PullBar.swift */ = {isa = PBXFileReference; fileEncoding = 4; lastKnownFileType = sourcecode.swift; path = "BottomSheetPresentationController+PullBar.swift"; sourceTree = "<group>"; };
		38F0DE3527C8CBDA00E98BF5 /* BottomSheetPresentationController.swift */ = {isa = PBXFileReference; fileEncoding = 4; lastKnownFileType = sourcecode.swift; path = BottomSheetPresentationController.swift; sourceTree = "<group>"; };
		38F0DE3627C8CBDA00E98BF5 /* BottomSheetModalDissmisalHandler.swift */ = {isa = PBXFileReference; fileEncoding = 4; lastKnownFileType = sourcecode.swift; path = BottomSheetModalDissmisalHandler.swift; sourceTree = "<group>"; };
		38F0DE3B27C8CC2000E98BF5 /* Extensions + CGRect.swift */ = {isa = PBXFileReference; lastKnownFileType = sourcecode.swift; path = "Extensions + CGRect.swift"; sourceTree = "<group>"; };
		38F0DE4027C8D84000E98BF5 /* TransportStopDetailViewModel.swift */ = {isa = PBXFileReference; lastKnownFileType = sourcecode.swift; path = TransportStopDetailViewModel.swift; sourceTree = "<group>"; };
		38F0DE4227C8DCD400E98BF5 /* LineView.swift */ = {isa = PBXFileReference; lastKnownFileType = sourcecode.swift; path = LineView.swift; sourceTree = "<group>"; };
		7B6EAC76F5CF6445E7C37F7C /* Pods-TransportApp.release.xcconfig */ = {isa = PBXFileReference; includeInIndex = 1; lastKnownFileType = text.xcconfig; name = "Pods-TransportApp.release.xcconfig"; path = "Target Support Files/Pods-TransportApp/Pods-TransportApp.release.xcconfig"; sourceTree = "<group>"; };
		A606B0156404D3C07707517E /* Pods-TransportApp.debug.xcconfig */ = {isa = PBXFileReference; includeInIndex = 1; lastKnownFileType = text.xcconfig; name = "Pods-TransportApp.debug.xcconfig"; path = "Target Support Files/Pods-TransportApp/Pods-TransportApp.debug.xcconfig"; sourceTree = "<group>"; };
		E0D6ECCA6B2B5E70ED5377D0 /* Pods_TransportApp.framework */ = {isa = PBXFileReference; explicitFileType = wrapper.framework; includeInIndex = 0; path = Pods_TransportApp.framework; sourceTree = BUILT_PRODUCTS_DIR; };
/* End PBXFileReference section */

/* Begin PBXFrameworksBuildPhase section */
		3804994C27C77D1400BE9EAD /* Frameworks */ = {
			isa = PBXFrameworksBuildPhase;
			buildActionMask = 2147483647;
			files = (
				2044073D2CB9844BD6594C03 /* Pods_TransportApp.framework in Frameworks */,
			);
			runOnlyForDeploymentPostprocessing = 0;
		};
/* End PBXFrameworksBuildPhase section */

/* Begin PBXGroup section */
		1B734DE5640F2C4F7B5A3313 /* Frameworks */ = {
			isa = PBXGroup;
			children = (
				E0D6ECCA6B2B5E70ED5377D0 /* Pods_TransportApp.framework */,
			);
			name = Frameworks;
			sourceTree = "<group>";
		};
		3804994627C77D1300BE9EAD = {
			isa = PBXGroup;
			children = (
				3804995127C77D1400BE9EAD /* TransportApp */,
				3804995027C77D1400BE9EAD /* Products */,
				5718DC9B905DCFC97AA6E8C3 /* Pods */,
				1B734DE5640F2C4F7B5A3313 /* Frameworks */,
			);
			sourceTree = "<group>";
		};
		3804995027C77D1400BE9EAD /* Products */ = {
			isa = PBXGroup;
			children = (
				3804994F27C77D1400BE9EAD /* TransportApp.app */,
			);
			name = Products;
			sourceTree = "<group>";
		};
		3804995127C77D1400BE9EAD /* TransportApp */ = {
			isa = PBXGroup;
			children = (
				38E9D2F927C900CC0022FC67 /* View */,
				38F0DE3227C8CBC900E98BF5 /* BottomSheetHelp */,
				38F0DE2B27C8B0AE00E98BF5 /* DI */,
				3804998127C7C25100BE9EAD /* TransportStopDetailScreen */,
				3804998027C7C23500BE9EAD /* TransportStopListScreen */,
				3804997F27C7C21C00BE9EAD /* Network */,
				3804997E27C7C20D00BE9EAD /* Extensions */,
				3804997D27C7C1F900BE9EAD /* Support */,
				3804997C27C7C1E000BE9EAD /* Models */,
				3804996027C77D1700BE9EAD /* Info.plist */,
			);
			path = TransportApp;
			sourceTree = "<group>";
		};
		3804997C27C7C1E000BE9EAD /* Models */ = {
			isa = PBXGroup;
			children = (
				3804996627C77EB300BE9EAD /* TransportStops.swift */,
				3804997827C7B60B00BE9EAD /* TransportStopDetail.swift */,
			);
			path = Models;
			sourceTree = "<group>";
		};
		3804997D27C7C1F900BE9EAD /* Support */ = {
			isa = PBXGroup;
			children = (
				3804995227C77D1400BE9EAD /* AppDelegate.swift */,
				3804995427C77D1400BE9EAD /* SceneDelegate.swift */,
				3804995827C77D1400BE9EAD /* Main.storyboard */,
				3804995B27C77D1700BE9EAD /* Assets.xcassets */,
				3804995D27C77D1700BE9EAD /* LaunchScreen.storyboard */,
			);
			path = Support;
			sourceTree = "<group>";
		};
		3804997E27C7C20D00BE9EAD /* Extensions */ = {
			isa = PBXGroup;
			children = (
				3804997427C790FF00BE9EAD /* Extensions+UIView.swift */,
			);
			path = Extensions;
			sourceTree = "<group>";
		};
		3804997F27C7C21C00BE9EAD /* Network */ = {
			isa = PBXGroup;
			children = (
				3804996827C77FAD00BE9EAD /* Network.swift */,
				3804996A27C7816C00BE9EAD /* NetworkingHandler.swift */,
				3804996C27C7854E00BE9EAD /* DataResponseError.swift */,
				3804996E27C7862B00BE9EAD /* MosgorNetwork.swift */,
				3804997027C78BD300BE9EAD /* MosgorClient.swift */,
			);
			path = Network;
			sourceTree = "<group>";
		};
		3804998027C7C23500BE9EAD /* TransportStopListScreen */ = {
			isa = PBXGroup;
			children = (
				3804997227C78D7600BE9EAD /* TransportStopsViewModel.swift */,
				3804995627C77D1400BE9EAD /* TransportStopListVC.swift */,
			);
			name = TransportStopListScreen;
			sourceTree = "<group>";
		};
		3804998127C7C25100BE9EAD /* TransportStopDetailScreen */ = {
			isa = PBXGroup;
			children = (
				3804998227C7EFDB00BE9EAD /* ResizableViewController.swift */,
				3804997627C7955A00BE9EAD /* DetailMapViewController.swift */,
				3804997A27C7BA5900BE9EAD /* DetailMapViewModel.swift */,
				3804998427C7F01100BE9EAD /* TransportStopDetailVC.swift */,
				38F0DE4027C8D84000E98BF5 /* TransportStopDetailViewModel.swift */,
			);
			path = TransportStopDetailScreen;
			sourceTree = "<group>";
		};
		38E9D2F927C900CC0022FC67 /* View */ = {
			isa = PBXGroup;
			children = (
				38F0DE4227C8DCD400E98BF5 /* LineView.swift */,
				38E9D2FA27C901120022FC67 /* CustomButton.swift */,
			);
			path = View;
			sourceTree = "<group>";
		};
		38F0DE2B27C8B0AE00E98BF5 /* DI */ = {
			isa = PBXGroup;
			children = (
				38F0DE2C27C8B0E500E98BF5 /* Factories.swift */,
				38F0DE2E27C8B25C00E98BF5 /* DependencyContainer.swift */,
			);
			path = DI;
			sourceTree = "<group>";
		};
		38F0DE3227C8CBC900E98BF5 /* BottomSheetHelp */ = {
			isa = PBXGroup;
			children = (
				38F0DE3627C8CBDA00E98BF5 /* BottomSheetModalDissmisalHandler.swift */,
				38F0DE3527C8CBDA00E98BF5 /* BottomSheetPresentationController.swift */,
				38F0DE3427C8CBDA00E98BF5 /* BottomSheetPresentationController+PullBar.swift */,
				38F0DE3327C8CBDA00E98BF5 /* BottomSheetTransitioningDelegate.swift */,
				38F0DE3B27C8CC2000E98BF5 /* Extensions + CGRect.swift */,
			);
			path = BottomSheetHelp;
			sourceTree = "<group>";
		};
		5718DC9B905DCFC97AA6E8C3 /* Pods */ = {
			isa = PBXGroup;
			children = (
				A606B0156404D3C07707517E /* Pods-TransportApp.debug.xcconfig */,
				7B6EAC76F5CF6445E7C37F7C /* Pods-TransportApp.release.xcconfig */,
			);
			path = Pods;
			sourceTree = "<group>";
		};
/* End PBXGroup section */

/* Begin PBXNativeTarget section */
		3804994E27C77D1400BE9EAD /* TransportApp */ = {
			isa = PBXNativeTarget;
			buildConfigurationList = 3804996327C77D1700BE9EAD /* Build configuration list for PBXNativeTarget "TransportApp" */;
			buildPhases = (
				EE2FF00EEADF6C926EF19E83 /* [CP] Check Pods Manifest.lock */,
				3804994B27C77D1400BE9EAD /* Sources */,
				3804994C27C77D1400BE9EAD /* Frameworks */,
				3804994D27C77D1400BE9EAD /* Resources */,
				FAF713FBECE6FA0190366A65 /* [CP] Embed Pods Frameworks */,
			);
			buildRules = (
			);
			dependencies = (
			);
			name = TransportApp;
			productName = TransportApp;
			productReference = 3804994F27C77D1400BE9EAD /* TransportApp.app */;
			productType = "com.apple.product-type.application";
		};
/* End PBXNativeTarget section */

/* Begin PBXProject section */
		3804994727C77D1300BE9EAD /* Project object */ = {
			isa = PBXProject;
			attributes = {
				BuildIndependentTargetsInParallel = 1;
				LastSwiftUpdateCheck = 1310;
				LastUpgradeCheck = 1310;
				TargetAttributes = {
					3804994E27C77D1400BE9EAD = {
						CreatedOnToolsVersion = 13.1;
					};
				};
			};
			buildConfigurationList = 3804994A27C77D1300BE9EAD /* Build configuration list for PBXProject "TransportApp" */;
			compatibilityVersion = "Xcode 13.0";
			developmentRegion = en;
			hasScannedForEncodings = 0;
			knownRegions = (
				en,
				Base,
			);
			mainGroup = 3804994627C77D1300BE9EAD;
			productRefGroup = 3804995027C77D1400BE9EAD /* Products */;
			projectDirPath = "";
			projectRoot = "";
			targets = (
				3804994E27C77D1400BE9EAD /* TransportApp */,
			);
		};
/* End PBXProject section */

/* Begin PBXResourcesBuildPhase section */
		3804994D27C77D1400BE9EAD /* Resources */ = {
			isa = PBXResourcesBuildPhase;
			buildActionMask = 2147483647;
			files = (
				3804995F27C77D1700BE9EAD /* LaunchScreen.storyboard in Resources */,
				3804995C27C77D1700BE9EAD /* Assets.xcassets in Resources */,
				3804995A27C77D1400BE9EAD /* Main.storyboard in Resources */,
			);
			runOnlyForDeploymentPostprocessing = 0;
		};
/* End PBXResourcesBuildPhase section */

/* Begin PBXShellScriptBuildPhase section */
		EE2FF00EEADF6C926EF19E83 /* [CP] Check Pods Manifest.lock */ = {
			isa = PBXShellScriptBuildPhase;
			buildActionMask = 2147483647;
			files = (
			);
			inputFileListPaths = (
			);
			inputPaths = (
				"${PODS_PODFILE_DIR_PATH}/Podfile.lock",
				"${PODS_ROOT}/Manifest.lock",
			);
			name = "[CP] Check Pods Manifest.lock";
			outputFileListPaths = (
			);
			outputPaths = (
				"$(DERIVED_FILE_DIR)/Pods-TransportApp-checkManifestLockResult.txt",
			);
			runOnlyForDeploymentPostprocessing = 0;
			shellPath = /bin/sh;
			shellScript = "diff \"${PODS_PODFILE_DIR_PATH}/Podfile.lock\" \"${PODS_ROOT}/Manifest.lock\" > /dev/null\nif [ $? != 0 ] ; then\n    # print error to STDERR\n    echo \"error: The sandbox is not in sync with the Podfile.lock. Run 'pod install' or update your CocoaPods installation.\" >&2\n    exit 1\nfi\n# This output is used by Xcode 'outputs' to avoid re-running this script phase.\necho \"SUCCESS\" > \"${SCRIPT_OUTPUT_FILE_0}\"\n";
			showEnvVarsInLog = 0;
		};
		FAF713FBECE6FA0190366A65 /* [CP] Embed Pods Frameworks */ = {
			isa = PBXShellScriptBuildPhase;
			buildActionMask = 2147483647;
			files = (
			);
			inputFileListPaths = (
				"${PODS_ROOT}/Target Support Files/Pods-TransportApp/Pods-TransportApp-frameworks-${CONFIGURATION}-input-files.xcfilelist",
			);
			name = "[CP] Embed Pods Frameworks";
			outputFileListPaths = (
				"${PODS_ROOT}/Target Support Files/Pods-TransportApp/Pods-TransportApp-frameworks-${CONFIGURATION}-output-files.xcfilelist",
			);
			runOnlyForDeploymentPostprocessing = 0;
			shellPath = /bin/sh;
			shellScript = "\"${PODS_ROOT}/Target Support Files/Pods-TransportApp/Pods-TransportApp-frameworks.sh\"\n";
			showEnvVarsInLog = 0;
		};
/* End PBXShellScriptBuildPhase section */

/* Begin PBXSourcesBuildPhase section */
		3804994B27C77D1400BE9EAD /* Sources */ = {
			isa = PBXSourcesBuildPhase;
			buildActionMask = 2147483647;
			files = (
				3804997B27C7BA5900BE9EAD /* DetailMapViewModel.swift in Sources */,
				3804997727C7955A00BE9EAD /* DetailMapViewController.swift in Sources */,
				38E9D2FB27C901120022FC67 /* CustomButton.swift in Sources */,
				38F0DE3927C8CBDA00E98BF5 /* BottomSheetPresentationController.swift in Sources */,
				38F0DE3C27C8CC2000E98BF5 /* Extensions + CGRect.swift in Sources */,
				3804997527C790FF00BE9EAD /* Extensions+UIView.swift in Sources */,
				3804996927C77FAD00BE9EAD /* Network.swift in Sources */,
				3804996727C77EB300BE9EAD /* TransportStops.swift in Sources */,
				38F0DE3827C8CBDA00E98BF5 /* BottomSheetPresentationController+PullBar.swift in Sources */,
				3804996B27C7816C00BE9EAD /* NetworkingHandler.swift in Sources */,
				3804998527C7F01100BE9EAD /* TransportStopDetailVC.swift in Sources */,
				3804997127C78BD300BE9EAD /* MosgorClient.swift in Sources */,
				38F0DE4327C8DCD400E98BF5 /* LineView.swift in Sources */,
				3804997927C7B60B00BE9EAD /* TransportStopDetail.swift in Sources */,
				3804998327C7EFDB00BE9EAD /* ResizableViewController.swift in Sources */,
				3804995727C77D1400BE9EAD /* TransportStopListVC.swift in Sources */,
				3804995327C77D1400BE9EAD /* AppDelegate.swift in Sources */,
				3804996D27C7854E00BE9EAD /* DataResponseError.swift in Sources */,
				38F0DE3A27C8CBDA00E98BF5 /* BottomSheetModalDissmisalHandler.swift in Sources */,
				38F0DE3727C8CBDA00E98BF5 /* BottomSheetTransitioningDelegate.swift in Sources */,
				38F0DE2D27C8B0E500E98BF5 /* Factories.swift in Sources */,
				3804997327C78D7600BE9EAD /* TransportStopsViewModel.swift in Sources */,
				3804995527C77D1400BE9EAD /* SceneDelegate.swift in Sources */,
				38F0DE2F27C8B25C00E98BF5 /* DependencyContainer.swift in Sources */,
				3804996F27C7862B00BE9EAD /* MosgorNetwork.swift in Sources */,
				38F0DE4127C8D84000E98BF5 /* TransportStopDetailViewModel.swift in Sources */,
			);
			runOnlyForDeploymentPostprocessing = 0;
		};
/* End PBXSourcesBuildPhase section */

/* Begin PBXVariantGroup section */
		3804995827C77D1400BE9EAD /* Main.storyboard */ = {
			isa = PBXVariantGroup;
			children = (
				3804995927C77D1400BE9EAD /* Base */,
			);
			name = Main.storyboard;
			sourceTree = "<group>";
		};
		3804995D27C77D1700BE9EAD /* LaunchScreen.storyboard */ = {
			isa = PBXVariantGroup;
			children = (
				3804995E27C77D1700BE9EAD /* Base */,
			);
			name = LaunchScreen.storyboard;
			sourceTree = "<group>";
		};
/* End PBXVariantGroup section */

/* Begin XCBuildConfiguration section */
		3804996127C77D1700BE9EAD /* Debug */ = {
			isa = XCBuildConfiguration;
			buildSettings = {
				ALWAYS_SEARCH_USER_PATHS = NO;
				CLANG_ANALYZER_NONNULL = YES;
				CLANG_ANALYZER_NUMBER_OBJECT_CONVERSION = YES_AGGRESSIVE;
				CLANG_CXX_LANGUAGE_STANDARD = "gnu++17";
				CLANG_CXX_LIBRARY = "libc++";
				CLANG_ENABLE_MODULES = YES;
				CLANG_ENABLE_OBJC_ARC = YES;
				CLANG_ENABLE_OBJC_WEAK = YES;
				CLANG_WARN_BLOCK_CAPTURE_AUTORELEASING = YES;
				CLANG_WARN_BOOL_CONVERSION = YES;
				CLANG_WARN_COMMA = YES;
				CLANG_WARN_CONSTANT_CONVERSION = YES;
				CLANG_WARN_DEPRECATED_OBJC_IMPLEMENTATIONS = YES;
				CLANG_WARN_DIRECT_OBJC_ISA_USAGE = YES_ERROR;
				CLANG_WARN_DOCUMENTATION_COMMENTS = YES;
				CLANG_WARN_EMPTY_BODY = YES;
				CLANG_WARN_ENUM_CONVERSION = YES;
				CLANG_WARN_INFINITE_RECURSION = YES;
				CLANG_WARN_INT_CONVERSION = YES;
				CLANG_WARN_NON_LITERAL_NULL_CONVERSION = YES;
				CLANG_WARN_OBJC_IMPLICIT_RETAIN_SELF = YES;
				CLANG_WARN_OBJC_LITERAL_CONVERSION = YES;
				CLANG_WARN_OBJC_ROOT_CLASS = YES_ERROR;
				CLANG_WARN_QUOTED_INCLUDE_IN_FRAMEWORK_HEADER = YES;
				CLANG_WARN_RANGE_LOOP_ANALYSIS = YES;
				CLANG_WARN_STRICT_PROTOTYPES = YES;
				CLANG_WARN_SUSPICIOUS_MOVE = YES;
				CLANG_WARN_UNGUARDED_AVAILABILITY = YES_AGGRESSIVE;
				CLANG_WARN_UNREACHABLE_CODE = YES;
				CLANG_WARN__DUPLICATE_METHOD_MATCH = YES;
				COPY_PHASE_STRIP = NO;
				DEBUG_INFORMATION_FORMAT = dwarf;
				ENABLE_STRICT_OBJC_MSGSEND = YES;
				ENABLE_TESTABILITY = YES;
				GCC_C_LANGUAGE_STANDARD = gnu11;
				GCC_DYNAMIC_NO_PIC = NO;
				GCC_NO_COMMON_BLOCKS = YES;
				GCC_OPTIMIZATION_LEVEL = 0;
				GCC_PREPROCESSOR_DEFINITIONS = (
					"DEBUG=1",
					"$(inherited)",
				);
				GCC_WARN_64_TO_32_BIT_CONVERSION = YES;
				GCC_WARN_ABOUT_RETURN_TYPE = YES_ERROR;
				GCC_WARN_UNDECLARED_SELECTOR = YES;
				GCC_WARN_UNINITIALIZED_AUTOS = YES_AGGRESSIVE;
				GCC_WARN_UNUSED_FUNCTION = YES;
				GCC_WARN_UNUSED_VARIABLE = YES;
				IPHONEOS_DEPLOYMENT_TARGET = 13.0;
				MTL_ENABLE_DEBUG_INFO = INCLUDE_SOURCE;
				MTL_FAST_MATH = YES;
				ONLY_ACTIVE_ARCH = YES;
				SDKROOT = iphoneos;
				SWIFT_ACTIVE_COMPILATION_CONDITIONS = DEBUG;
				SWIFT_OPTIMIZATION_LEVEL = "-Onone";
			};
			name = Debug;
		};
		3804996227C77D1700BE9EAD /* Release */ = {
			isa = XCBuildConfiguration;
			buildSettings = {
				ALWAYS_SEARCH_USER_PATHS = NO;
				CLANG_ANALYZER_NONNULL = YES;
				CLANG_ANALYZER_NUMBER_OBJECT_CONVERSION = YES_AGGRESSIVE;
				CLANG_CXX_LANGUAGE_STANDARD = "gnu++17";
				CLANG_CXX_LIBRARY = "libc++";
				CLANG_ENABLE_MODULES = YES;
				CLANG_ENABLE_OBJC_ARC = YES;
				CLANG_ENABLE_OBJC_WEAK = YES;
				CLANG_WARN_BLOCK_CAPTURE_AUTORELEASING = YES;
				CLANG_WARN_BOOL_CONVERSION = YES;
				CLANG_WARN_COMMA = YES;
				CLANG_WARN_CONSTANT_CONVERSION = YES;
				CLANG_WARN_DEPRECATED_OBJC_IMPLEMENTATIONS = YES;
				CLANG_WARN_DIRECT_OBJC_ISA_USAGE = YES_ERROR;
				CLANG_WARN_DOCUMENTATION_COMMENTS = YES;
				CLANG_WARN_EMPTY_BODY = YES;
				CLANG_WARN_ENUM_CONVERSION = YES;
				CLANG_WARN_INFINITE_RECURSION = YES;
				CLANG_WARN_INT_CONVERSION = YES;
				CLANG_WARN_NON_LITERAL_NULL_CONVERSION = YES;
				CLANG_WARN_OBJC_IMPLICIT_RETAIN_SELF = YES;
				CLANG_WARN_OBJC_LITERAL_CONVERSION = YES;
				CLANG_WARN_OBJC_ROOT_CLASS = YES_ERROR;
				CLANG_WARN_QUOTED_INCLUDE_IN_FRAMEWORK_HEADER = YES;
				CLANG_WARN_RANGE_LOOP_ANALYSIS = YES;
				CLANG_WARN_STRICT_PROTOTYPES = YES;
				CLANG_WARN_SUSPICIOUS_MOVE = YES;
				CLANG_WARN_UNGUARDED_AVAILABILITY = YES_AGGRESSIVE;
				CLANG_WARN_UNREACHABLE_CODE = YES;
				CLANG_WARN__DUPLICATE_METHOD_MATCH = YES;
				COPY_PHASE_STRIP = NO;
				DEBUG_INFORMATION_FORMAT = "dwarf-with-dsym";
				ENABLE_NS_ASSERTIONS = NO;
				ENABLE_STRICT_OBJC_MSGSEND = YES;
				GCC_C_LANGUAGE_STANDARD = gnu11;
				GCC_NO_COMMON_BLOCKS = YES;
				GCC_WARN_64_TO_32_BIT_CONVERSION = YES;
				GCC_WARN_ABOUT_RETURN_TYPE = YES_ERROR;
				GCC_WARN_UNDECLARED_SELECTOR = YES;
				GCC_WARN_UNINITIALIZED_AUTOS = YES_AGGRESSIVE;
				GCC_WARN_UNUSED_FUNCTION = YES;
				GCC_WARN_UNUSED_VARIABLE = YES;
				IPHONEOS_DEPLOYMENT_TARGET = 13.0;
				MTL_ENABLE_DEBUG_INFO = NO;
				MTL_FAST_MATH = YES;
				SDKROOT = iphoneos;
				SWIFT_COMPILATION_MODE = wholemodule;
				SWIFT_OPTIMIZATION_LEVEL = "-O";
				VALIDATE_PRODUCT = YES;
			};
			name = Release;
		};
		3804996427C77D1700BE9EAD /* Debug */ = {
			isa = XCBuildConfiguration;
			baseConfigurationReference = A606B0156404D3C07707517E /* Pods-TransportApp.debug.xcconfig */;
			buildSettings = {
				ASSETCATALOG_COMPILER_APPICON_NAME = AppIcon;
				ASSETCATALOG_COMPILER_GLOBAL_ACCENT_COLOR_NAME = AccentColor;
				CODE_SIGN_STYLE = Automatic;
				CURRENT_PROJECT_VERSION = 1;
				DEVELOPMENT_TEAM = WSCHZVTX6D;
				GENERATE_INFOPLIST_FILE = YES;
				INFOPLIST_FILE = TransportApp/Info.plist;
				INFOPLIST_KEY_UIApplicationSupportsIndirectInputEvents = YES;
				INFOPLIST_KEY_UILaunchStoryboardName = LaunchScreen;
				INFOPLIST_KEY_UISupportedInterfaceOrientations_iPad = "UIInterfaceOrientationPortrait UIInterfaceOrientationPortraitUpsideDown UIInterfaceOrientationLandscapeLeft UIInterfaceOrientationLandscapeRight";
				INFOPLIST_KEY_UISupportedInterfaceOrientations_iPhone = "UIInterfaceOrientationPortrait UIInterfaceOrientationLandscapeLeft UIInterfaceOrientationLandscapeRight";
				LD_RUNPATH_SEARCH_PATHS = (
					"$(inherited)",
					"@executable_path/Frameworks",
				);
				MARKETING_VERSION = 1.0;
				PRODUCT_BUNDLE_IDENTIFIER = com.maximshevtsov.TransportApp;
				PRODUCT_NAME = "$(TARGET_NAME)";
				SWIFT_EMIT_LOC_STRINGS = YES;
				SWIFT_VERSION = 5.0;
				TARGETED_DEVICE_FAMILY = "1,2";
			};
			name = Debug;
		};
		3804996527C77D1700BE9EAD /* Release */ = {
			isa = XCBuildConfiguration;
			baseConfigurationReference = 7B6EAC76F5CF6445E7C37F7C /* Pods-TransportApp.release.xcconfig */;
			buildSettings = {
				ASSETCATALOG_COMPILER_APPICON_NAME = AppIcon;
				ASSETCATALOG_COMPILER_GLOBAL_ACCENT_COLOR_NAME = AccentColor;
				CODE_SIGN_STYLE = Automatic;
				CURRENT_PROJECT_VERSION = 1;
				DEVELOPMENT_TEAM = WSCHZVTX6D;
				GENERATE_INFOPLIST_FILE = YES;
				INFOPLIST_FILE = TransportApp/Info.plist;
				INFOPLIST_KEY_UIApplicationSupportsIndirectInputEvents = YES;
				INFOPLIST_KEY_UILaunchStoryboardName = LaunchScreen;
				INFOPLIST_KEY_UISupportedInterfaceOrientations_iPad = "UIInterfaceOrientationPortrait UIInterfaceOrientationPortraitUpsideDown UIInterfaceOrientationLandscapeLeft UIInterfaceOrientationLandscapeRight";
				INFOPLIST_KEY_UISupportedInterfaceOrientations_iPhone = "UIInterfaceOrientationPortrait UIInterfaceOrientationLandscapeLeft UIInterfaceOrientationLandscapeRight";
				LD_RUNPATH_SEARCH_PATHS = (
					"$(inherited)",
					"@executable_path/Frameworks",
				);
				MARKETING_VERSION = 1.0;
				PRODUCT_BUNDLE_IDENTIFIER = com.maximshevtsov.TransportApp;
				PRODUCT_NAME = "$(TARGET_NAME)";
				SWIFT_EMIT_LOC_STRINGS = YES;
				SWIFT_VERSION = 5.0;
				TARGETED_DEVICE_FAMILY = "1,2";
			};
			name = Release;
		};
/* End XCBuildConfiguration section */

/* Begin XCConfigurationList section */
		3804994A27C77D1300BE9EAD /* Build configuration list for PBXProject "TransportApp" */ = {
			isa = XCConfigurationList;
			buildConfigurations = (
				3804996127C77D1700BE9EAD /* Debug */,
				3804996227C77D1700BE9EAD /* Release */,
			);
			defaultConfigurationIsVisible = 0;
			defaultConfigurationName = Release;
		};
		3804996327C77D1700BE9EAD /* Build configuration list for PBXNativeTarget "TransportApp" */ = {
			isa = XCConfigurationList;
			buildConfigurations = (
				3804996427C77D1700BE9EAD /* Debug */,
				3804996527C77D1700BE9EAD /* Release */,
			);
			defaultConfigurationIsVisible = 0;
			defaultConfigurationName = Release;
		};
/* End XCConfigurationList section */
	};
	rootObject = 3804994727C77D1300BE9EAD /* Project object */;
}
